// !$*UTF8*$!
{
	archiveVersion = 1;
	classes = {
	};
	objectVersion = 56;
	objects = {

/* Begin PBXBuildFile section */
		F88CB1EC29E47ECB004CC8E2 /* Adress_BookApp.swift in Sources */ = {isa = PBXBuildFile; fileRef = F88CB1EB29E47ECB004CC8E2 /* Adress_BookApp.swift */; };
		F88CB1F329E47ECB004CC8E2 /* Preview Assets.xcassets in Resources */ = {isa = PBXBuildFile; fileRef = F88CB1F229E47ECB004CC8E2 /* Preview Assets.xcassets */; };
		F88CB1FC29E47F6D004CC8E2 /* DataController.swift in Sources */ = {isa = PBXBuildFile; fileRef = F88CB1FB29E47F6D004CC8E2 /* DataController.swift */; };
		F88CB1FE29E47F72004CC8E2 /* LocationManager.swift in Sources */ = {isa = PBXBuildFile; fileRef = F88CB1FD29E47F72004CC8E2 /* LocationManager.swift */; };
		F88CB20129E47F8D004CC8E2 /* Locations.swift in Sources */ = {isa = PBXBuildFile; fileRef = F88CB20029E47F8D004CC8E2 /* Locations.swift */; };
		F88CB20429E47FAD004CC8E2 /* CurrentView.swift in Sources */ = {isa = PBXBuildFile; fileRef = F88CB20329E47FAD004CC8E2 /* CurrentView.swift */; };
		F88CB20629E47FB0004CC8E2 /* MappView.swift in Sources */ = {isa = PBXBuildFile; fileRef = F88CB20529E47FB0004CC8E2 /* MappView.swift */; };
		F88CB20829E47FB4004CC8E2 /* DetailsView.swift in Sources */ = {isa = PBXBuildFile; fileRef = F88CB20729E47FB4004CC8E2 /* DetailsView.swift */; };
		F88CB20A29E47FB7004CC8E2 /* ListView.swift in Sources */ = {isa = PBXBuildFile; fileRef = F88CB20929E47FB7004CC8E2 /* ListView.swift */; };
		F88CB20C29E47FBB004CC8E2 /* MapView.swift in Sources */ = {isa = PBXBuildFile; fileRef = F88CB20B29E47FBA004CC8E2 /* MapView.swift */; };
		F88CB20E29E47FBE004CC8E2 /* HomeView.swift in Sources */ = {isa = PBXBuildFile; fileRef = F88CB20D29E47FBE004CC8E2 /* HomeView.swift */; };
		F88CB21129E47FF0004CC8E2 /* AdressBook.xcdatamodeld in Sources */ = {isa = PBXBuildFile; fileRef = F88CB20F29E47FF0004CC8E2 /* AdressBook.xcdatamodeld */; };
		F88CB21329E48000004CC8E2 /* Assets.xcassets in Resources */ = {isa = PBXBuildFile; fileRef = F88CB21229E48000004CC8E2 /* Assets.xcassets */; };
/* End PBXBuildFile section */

/* Begin PBXFileReference section */
		F818047B29E48C7700F108D3 /* Adress-Book-Info.plist */ = {isa = PBXFileReference; lastKnownFileType = text.plist; path = "Adress-Book-Info.plist"; sourceTree = SOURCE_ROOT; };
		F88CB1E829E47ECB004CC8E2 /* Adress Book.app */ = {isa = PBXFileReference; explicitFileType = wrapper.application; includeInIndex = 0; path = "Adress Book.app"; sourceTree = BUILT_PRODUCTS_DIR; };
		F88CB1EB29E47ECB004CC8E2 /* Adress_BookApp.swift */ = {isa = PBXFileReference; lastKnownFileType = sourcecode.swift; path = Adress_BookApp.swift; sourceTree = "<group>"; };
		F88CB1F229E47ECB004CC8E2 /* Preview Assets.xcassets */ = {isa = PBXFileReference; lastKnownFileType = folder.assetcatalog; path = "Preview Assets.xcassets"; sourceTree = "<group>"; };
		F88CB1FB29E47F6D004CC8E2 /* DataController.swift */ = {isa = PBXFileReference; fileEncoding = 4; lastKnownFileType = sourcecode.swift; path = DataController.swift; sourceTree = "<group>"; };
		F88CB1FD29E47F72004CC8E2 /* LocationManager.swift */ = {isa = PBXFileReference; fileEncoding = 4; lastKnownFileType = sourcecode.swift; path = LocationManager.swift; sourceTree = "<group>"; };
		F88CB20029E47F8D004CC8E2 /* Locations.swift */ = {isa = PBXFileReference; fileEncoding = 4; lastKnownFileType = sourcecode.swift; path = Locations.swift; sourceTree = "<group>"; };
		F88CB20329E47FAD004CC8E2 /* CurrentView.swift */ = {isa = PBXFileReference; fileEncoding = 4; lastKnownFileType = sourcecode.swift; path = CurrentView.swift; sourceTree = "<group>"; };
		F88CB20529E47FB0004CC8E2 /* MappView.swift */ = {isa = PBXFileReference; fileEncoding = 4; lastKnownFileType = sourcecode.swift; path = MappView.swift; sourceTree = "<group>"; };
		F88CB20729E47FB4004CC8E2 /* DetailsView.swift */ = {isa = PBXFileReference; fileEncoding = 4; lastKnownFileType = sourcecode.swift; path = DetailsView.swift; sourceTree = "<group>"; };
		F88CB20929E47FB7004CC8E2 /* ListView.swift */ = {isa = PBXFileReference; fileEncoding = 4; lastKnownFileType = sourcecode.swift; path = ListView.swift; sourceTree = "<group>"; };
		F88CB20B29E47FBA004CC8E2 /* MapView.swift */ = {isa = PBXFileReference; fileEncoding = 4; lastKnownFileType = sourcecode.swift; path = MapView.swift; sourceTree = "<group>"; };
		F88CB20D29E47FBE004CC8E2 /* HomeView.swift */ = {isa = PBXFileReference; fileEncoding = 4; lastKnownFileType = sourcecode.swift; path = HomeView.swift; sourceTree = "<group>"; };
		F88CB21029E47FF0004CC8E2 /* AdressBook.xcdatamodel */ = {isa = PBXFileReference; lastKnownFileType = wrapper.xcdatamodel; path = AdressBook.xcdatamodel; sourceTree = "<group>"; };
		F88CB21229E48000004CC8E2 /* Assets.xcassets */ = {isa = PBXFileReference; lastKnownFileType = folder.assetcatalog; path = Assets.xcassets; sourceTree = "<group>"; };
/* End PBXFileReference section */

/* Begin PBXFrameworksBuildPhase section */
		F88CB1E529E47ECB004CC8E2 /* Frameworks */ = {
			isa = PBXFrameworksBuildPhase;
			buildActionMask = 2147483647;
			files = (
			);
			runOnlyForDeploymentPostprocessing = 0;
		};
/* End PBXFrameworksBuildPhase section */

/* Begin PBXGroup section */
		F88CB1DF29E47ECB004CC8E2 = {
			isa = PBXGroup;
			children = (
				F88CB20229E47F9D004CC8E2 /* View */,
				F88CB1FF29E47F83004CC8E2 /* Model */,
				F88CB1FA29E47F26004CC8E2 /* ViewModel */,
				F88CB1EA29E47ECB004CC8E2 /* Adress Book */,
				F88CB1E929E47ECB004CC8E2 /* Products */,
			);
			sourceTree = "<group>";
		};
		F88CB1E929E47ECB004CC8E2 /* Products */ = {
			isa = PBXGroup;
			children = (
				F88CB1E829E47ECB004CC8E2 /* Adress Book.app */,
			);
			name = Products;
			sourceTree = "<group>";
		};
		F88CB1EA29E47ECB004CC8E2 /* Adress Book */ = {
			isa = PBXGroup;
			children = (
				F818047B29E48C7700F108D3 /* Adress-Book-Info.plist */,
				F88CB1EB29E47ECB004CC8E2 /* Adress_BookApp.swift */,
				F88CB20F29E47FF0004CC8E2 /* AdressBook.xcdatamodeld */,
				F88CB21229E48000004CC8E2 /* Assets.xcassets */,
				F88CB1F129E47ECB004CC8E2 /* Preview Content */,
			);
			path = "Adress Book";
			sourceTree = "<group>";
		};
		F88CB1F129E47ECB004CC8E2 /* Preview Content */ = {
			isa = PBXGroup;
			children = (
				F88CB1F229E47ECB004CC8E2 /* Preview Assets.xcassets */,
			);
			path = "Preview Content";
			sourceTree = "<group>";
		};
		F88CB1FA29E47F26004CC8E2 /* ViewModel */ = {
			isa = PBXGroup;
			children = (
				F88CB1FB29E47F6D004CC8E2 /* DataController.swift */,
				F88CB1FD29E47F72004CC8E2 /* LocationManager.swift */,
			);
			path = ViewModel;
			sourceTree = "<group>";
		};
		F88CB1FF29E47F83004CC8E2 /* Model */ = {
			isa = PBXGroup;
			children = (
				F88CB20029E47F8D004CC8E2 /* Locations.swift */,
			);
			path = Model;
			sourceTree = "<group>";
		};
		F88CB20229E47F9D004CC8E2 /* View */ = {
			isa = PBXGroup;
			children = (
				F88CB20D29E47FBE004CC8E2 /* HomeView.swift */,
				F88CB20B29E47FBA004CC8E2 /* MapView.swift */,
				F88CB20929E47FB7004CC8E2 /* ListView.swift */,
				F88CB20729E47FB4004CC8E2 /* DetailsView.swift */,
				F88CB20529E47FB0004CC8E2 /* MappView.swift */,
				F88CB20329E47FAD004CC8E2 /* CurrentView.swift */,
			);
			path = View;
			sourceTree = "<group>";
		};
/* End PBXGroup section */

/* Begin PBXNativeTarget section */
		F88CB1E729E47ECB004CC8E2 /* Adress Book */ = {
			isa = PBXNativeTarget;
			buildConfigurationList = F88CB1F629E47ECB004CC8E2 /* Build configuration list for PBXNativeTarget "Adress Book" */;
			buildPhases = (
				F88CB1E429E47ECB004CC8E2 /* Sources */,
				F88CB1E529E47ECB004CC8E2 /* Frameworks */,
				F88CB1E629E47ECB004CC8E2 /* Resources */,
			);
			buildRules = (
			);
			dependencies = (
			);
			name = "Adress Book";
			productName = "Adress Book";
			productReference = F88CB1E829E47ECB004CC8E2 /* Adress Book.app */;
			productType = "com.apple.product-type.application";
		};
/* End PBXNativeTarget section */

/* Begin PBXProject section */
		F88CB1E029E47ECB004CC8E2 /* Project object */ = {
			isa = PBXProject;
			attributes = {
				BuildIndependentTargetsInParallel = 1;
				LastSwiftUpdateCheck = 1420;
				LastUpgradeCheck = 1420;
				TargetAttributes = {
					F88CB1E729E47ECB004CC8E2 = {
						CreatedOnToolsVersion = 14.2;
					};
				};
			};
			buildConfigurationList = F88CB1E329E47ECB004CC8E2 /* Build configuration list for PBXProject "Adress Book" */;
			compatibilityVersion = "Xcode 14.0";
			developmentRegion = en;
			hasScannedForEncodings = 0;
			knownRegions = (
				en,
				Base,
			);
			mainGroup = F88CB1DF29E47ECB004CC8E2;
			productRefGroup = F88CB1E929E47ECB004CC8E2 /* Products */;
			projectDirPath = "";
			projectRoot = "";
			targets = (
				F88CB1E729E47ECB004CC8E2 /* Adress Book */,
			);
		};
/* End PBXProject section */

/* Begin PBXResourcesBuildPhase section */
		F88CB1E629E47ECB004CC8E2 /* Resources */ = {
			isa = PBXResourcesBuildPhase;
			buildActionMask = 2147483647;
			files = (
				F88CB21329E48000004CC8E2 /* Assets.xcassets in Resources */,
				F88CB1F329E47ECB004CC8E2 /* Preview Assets.xcassets in Resources */,
			);
			runOnlyForDeploymentPostprocessing = 0;
		};
/* End PBXResourcesBuildPhase section */

/* Begin PBXSourcesBuildPhase section */
		F88CB1E429E47ECB004CC8E2 /* Sources */ = {
			isa = PBXSourcesBuildPhase;
			buildActionMask = 2147483647;
			files = (
				F88CB1FE29E47F72004CC8E2 /* LocationManager.swift in Sources */,
				F88CB1FC29E47F6D004CC8E2 /* DataController.swift in Sources */,
				F88CB20129E47F8D004CC8E2 /* Locations.swift in Sources */,
				F88CB21129E47FF0004CC8E2 /* AdressBook.xcdatamodeld in Sources */,
				F88CB20429E47FAD004CC8E2 /* CurrentView.swift in Sources */,
				F88CB20E29E47FBE004CC8E2 /* HomeView.swift in Sources */,
				F88CB20829E47FB4004CC8E2 /* DetailsView.swift in Sources */,
				F88CB20629E47FB0004CC8E2 /* MappView.swift in Sources */,
				F88CB20C29E47FBB004CC8E2 /* MapView.swift in Sources */,
				F88CB1EC29E47ECB004CC8E2 /* Adress_BookApp.swift in Sources */,
				F88CB20A29E47FB7004CC8E2 /* ListView.swift in Sources */,
			);
			runOnlyForDeploymentPostprocessing = 0;
		};
/* End PBXSourcesBuildPhase section */

/* Begin XCBuildConfiguration section */
		F88CB1F429E47ECB004CC8E2 /* Debug */ = {
			isa = XCBuildConfiguration;
			buildSettings = {
				ALWAYS_SEARCH_USER_PATHS = NO;
				CLANG_ANALYZER_NONNULL = YES;
				CLANG_ANALYZER_NUMBER_OBJECT_CONVERSION = YES_AGGRESSIVE;
				CLANG_CXX_LANGUAGE_STANDARD = "gnu++20";
				CLANG_ENABLE_MODULES = YES;
				CLANG_ENABLE_OBJC_ARC = YES;
				CLANG_ENABLE_OBJC_WEAK = YES;
				CLANG_WARN_BLOCK_CAPTURE_AUTORELEASING = YES;
				CLANG_WARN_BOOL_CONVERSION = YES;
				CLANG_WARN_COMMA = YES;
				CLANG_WARN_CONSTANT_CONVERSION = YES;
				CLANG_WARN_DEPRECATED_OBJC_IMPLEMENTATIONS = YES;
				CLANG_WARN_DIRECT_OBJC_ISA_USAGE = YES_ERROR;
				CLANG_WARN_DOCUMENTATION_COMMENTS = YES;
				CLANG_WARN_EMPTY_BODY = YES;
				CLANG_WARN_ENUM_CONVERSION = YES;
				CLANG_WARN_INFINITE_RECURSION = YES;
				CLANG_WARN_INT_CONVERSION = YES;
				CLANG_WARN_NON_LITERAL_NULL_CONVERSION = YES;
				CLANG_WARN_OBJC_IMPLICIT_RETAIN_SELF = YES;
				CLANG_WARN_OBJC_LITERAL_CONVERSION = YES;
				CLANG_WARN_OBJC_ROOT_CLASS = YES_ERROR;
				CLANG_WARN_QUOTED_INCLUDE_IN_FRAMEWORK_HEADER = YES;
				CLANG_WARN_RANGE_LOOP_ANALYSIS = YES;
				CLANG_WARN_STRICT_PROTOTYPES = YES;
				CLANG_WARN_SUSPICIOUS_MOVE = YES;
				CLANG_WARN_UNGUARDED_AVAILABILITY = YES_AGGRESSIVE;
				CLANG_WARN_UNREACHABLE_CODE = YES;
				CLANG_WARN__DUPLICATE_METHOD_MATCH = YES;
				COPY_PHASE_STRIP = NO;
				DEBUG_INFORMATION_FORMAT = dwarf;
				ENABLE_STRICT_OBJC_MSGSEND = YES;
				ENABLE_TESTABILITY = YES;
				GCC_C_LANGUAGE_STANDARD = gnu11;
				GCC_DYNAMIC_NO_PIC = NO;
				GCC_NO_COMMON_BLOCKS = YES;
				GCC_OPTIMIZATION_LEVEL = 0;
				GCC_PREPROCESSOR_DEFINITIONS = (
					"DEBUG=1",
					"$(inherited)",
				);
				GCC_WARN_64_TO_32_BIT_CONVERSION = YES;
				GCC_WARN_ABOUT_RETURN_TYPE = YES_ERROR;
				GCC_WARN_UNDECLARED_SELECTOR = YES;
				GCC_WARN_UNINITIALIZED_AUTOS = YES_AGGRESSIVE;
				GCC_WARN_UNUSED_FUNCTION = YES;
				GCC_WARN_UNUSED_VARIABLE = YES;
				IPHONEOS_DEPLOYMENT_TARGET = 16.2;
				MTL_ENABLE_DEBUG_INFO = INCLUDE_SOURCE;
				MTL_FAST_MATH = YES;
				ONLY_ACTIVE_ARCH = YES;
				SDKROOT = iphoneos;
				SWIFT_ACTIVE_COMPILATION_CONDITIONS = DEBUG;
				SWIFT_OPTIMIZATION_LEVEL = "-Onone";
			};
			name = Debug;
		};
		F88CB1F529E47ECB004CC8E2 /* Release */ = {
			isa = XCBuildConfiguration;
			buildSettings = {
				ALWAYS_SEARCH_USER_PATHS = NO;
				CLANG_ANALYZER_NONNULL = YES;
				CLANG_ANALYZER_NUMBER_OBJECT_CONVERSION = YES_AGGRESSIVE;
				CLANG_CXX_LANGUAGE_STANDARD = "gnu++20";
				CLANG_ENABLE_MODULES = YES;
				CLANG_ENABLE_OBJC_ARC = YES;
				CLANG_ENABLE_OBJC_WEAK = YES;
				CLANG_WARN_BLOCK_CAPTURE_AUTORELEASING = YES;
				CLANG_WARN_BOOL_CONVERSION = YES;
				CLANG_WARN_COMMA = YES;
				CLANG_WARN_CONSTANT_CONVERSION = YES;
				CLANG_WARN_DEPRECATED_OBJC_IMPLEMENTATIONS = YES;
				CLANG_WARN_DIRECT_OBJC_ISA_USAGE = YES_ERROR;
				CLANG_WARN_DOCUMENTATION_COMMENTS = YES;
				CLANG_WARN_EMPTY_BODY = YES;
				CLANG_WARN_ENUM_CONVERSION = YES;
				CLANG_WARN_INFINITE_RECURSION = YES;
				CLANG_WARN_INT_CONVERSION = YES;
				CLANG_WARN_NON_LITERAL_NULL_CONVERSION = YES;
				CLANG_WARN_OBJC_IMPLICIT_RETAIN_SELF = YES;
				CLANG_WARN_OBJC_LITERAL_CONVERSION = YES;
				CLANG_WARN_OBJC_ROOT_CLASS = YES_ERROR;
				CLANG_WARN_QUOTED_INCLUDE_IN_FRAMEWORK_HEADER = YES;
				CLANG_WARN_RANGE_LOOP_ANALYSIS = YES;
				CLANG_WARN_STRICT_PROTOTYPES = YES;
				CLANG_WARN_SUSPICIOUS_MOVE = YES;
				CLANG_WARN_UNGUARDED_AVAILABILITY = YES_AGGRESSIVE;
				CLANG_WARN_UNREACHABLE_CODE = YES;
				CLANG_WARN__DUPLICATE_METHOD_MATCH = YES;
				COPY_PHASE_STRIP = NO;
				DEBUG_INFORMATION_FORMAT = "dwarf-with-dsym";
				ENABLE_NS_ASSERTIONS = NO;
				ENABLE_STRICT_OBJC_MSGSEND = YES;
				GCC_C_LANGUAGE_STANDARD = gnu11;
				GCC_NO_COMMON_BLOCKS = YES;
				GCC_WARN_64_TO_32_BIT_CONVERSION = YES;
				GCC_WARN_ABOUT_RETURN_TYPE = YES_ERROR;
				GCC_WARN_UNDECLARED_SELECTOR = YES;
				GCC_WARN_UNINITIALIZED_AUTOS = YES_AGGRESSIVE;
				GCC_WARN_UNUSED_FUNCTION = YES;
				GCC_WARN_UNUSED_VARIABLE = YES;
				IPHONEOS_DEPLOYMENT_TARGET = 16.2;
				MTL_ENABLE_DEBUG_INFO = NO;
				MTL_FAST_MATH = YES;
				SDKROOT = iphoneos;
				SWIFT_COMPILATION_MODE = wholemodule;
				SWIFT_OPTIMIZATION_LEVEL = "-O";
				VALIDATE_PRODUCT = YES;
			};
			name = Release;
		};
		F88CB1F729E47ECB004CC8E2 /* Debug */ = {
			isa = XCBuildConfiguration;
			buildSettings = {
				ASSETCATALOG_COMPILER_APPICON_NAME = AppIcon;
				ASSETCATALOG_COMPILER_GLOBAL_ACCENT_COLOR_NAME = AccentColor;
				CODE_SIGN_STYLE = Automatic;
				CURRENT_PROJECT_VERSION = 1;
				DEVELOPMENT_ASSET_PATHS = "\"Adress Book/Preview Content\"";
				DEVELOPMENT_TEAM = 58KLLPMXX7;
				ENABLE_PREVIEWS = YES;
				GENERATE_INFOPLIST_FILE = YES;
				INFOPLIST_FILE = "Adress-Book-Info.plist";
				INFOPLIST_KEY_NSLocationWhenInUseUsageDescription = "Konumunuza ulaşabileceğiniz güncel koordinatların belirlenip kaydedilmesi ve sonrasında rota oluşturabilmek için konum izininiz gereklidir. Sadece sizin tarafınızdan görüntülenir.";
				INFOPLIST_KEY_UIApplicationSceneManifest_Generation = YES;
				INFOPLIST_KEY_UIApplicationSupportsIndirectInputEvents = YES;
				INFOPLIST_KEY_UILaunchScreen_Generation = YES;
				INFOPLIST_KEY_UISupportedInterfaceOrientations_iPad = "UIInterfaceOrientationPortrait UIInterfaceOrientationPortraitUpsideDown UIInterfaceOrientationLandscapeLeft UIInterfaceOrientationLandscapeRight";
				INFOPLIST_KEY_UISupportedInterfaceOrientations_iPhone = "UIInterfaceOrientationPortrait UIInterfaceOrientationLandscapeLeft UIInterfaceOrientationLandscapeRight";
				LD_RUNPATH_SEARCH_PATHS = (
					"$(inherited)",
					"@executable_path/Frameworks",
				);
				MARKETING_VERSION = 1.1;
				PRODUCT_BUNDLE_IDENTIFIER = "aliosmngk.Adress-Book";
				PRODUCT_NAME = "$(TARGET_NAME)";
				SWIFT_EMIT_LOC_STRINGS = YES;
				SWIFT_VERSION = 5.0;
				TARGETED_DEVICE_FAMILY = "1,2";
			};
			name = Debug;
		};
		F88CB1F829E47ECB004CC8E2 /* Release */ = {
			isa = XCBuildConfiguration;
			buildSettings = {
				ASSETCATALOG_COMPILER_APPICON_NAME = AppIcon;
				ASSETCATALOG_COMPILER_GLOBAL_ACCENT_COLOR_NAME = AccentColor;
				CODE_SIGN_STYLE = Automatic;
				CURRENT_PROJECT_VERSION = 1;
				DEVELOPMENT_ASSET_PATHS = "\"Adress Book/Preview Content\"";
				DEVELOPMENT_TEAM = 58KLLPMXX7;
				ENABLE_PREVIEWS = YES;
				GENERATE_INFOPLIST_FILE = YES;
				INFOPLIST_FILE = "Adress-Book-Info.plist";
				INFOPLIST_KEY_NSLocationWhenInUseUsageDescription = "Konumunuza ulaşabileceğiniz güncel koordinatların belirlenip kaydedilmesi ve sonrasında rota oluşturabilmek için konum izininiz gereklidir. Sadece sizin tarafınızdan görüntülenir.";
				INFOPLIST_KEY_UIApplicationSceneManifest_Generation = YES;
				INFOPLIST_KEY_UIApplicationSupportsIndirectInputEvents = YES;
				INFOPLIST_KEY_UILaunchScreen_Generation = YES;
				INFOPLIST_KEY_UISupportedInterfaceOrientations_iPad = "UIInterfaceOrientationPortrait UIInterfaceOrientationPortraitUpsideDown UIInterfaceOrientationLandscapeLeft UIInterfaceOrientationLandscapeRight";
				INFOPLIST_KEY_UISupportedInterfaceOrientations_iPhone = "UIInterfaceOrientationPortrait UIInterfaceOrientationLandscapeLeft UIInterfaceOrientationLandscapeRight";
				LD_RUNPATH_SEARCH_PATHS = (
					"$(inherited)",
					"@executable_path/Frameworks",
				);
				MARKETING_VERSION = 1.1;
				PRODUCT_BUNDLE_IDENTIFIER = "aliosmngk.Adress-Book";
				PRODUCT_NAME = "$(TARGET_NAME)";
				SWIFT_EMIT_LOC_STRINGS = YES;
				SWIFT_VERSION = 5.0;
				TARGETED_DEVICE_FAMILY = "1,2";
			};
			name = Release;
		};
/* End XCBuildConfiguration section */

/* Begin XCConfigurationList section */
		F88CB1E329E47ECB004CC8E2 /* Build configuration list for PBXProject "Adress Book" */ = {
			isa = XCConfigurationList;
			buildConfigurations = (
				F88CB1F429E47ECB004CC8E2 /* Debug */,
				F88CB1F529E47ECB004CC8E2 /* Release */,
			);
			defaultConfigurationIsVisible = 0;
			defaultConfigurationName = Release;
		};
		F88CB1F629E47ECB004CC8E2 /* Build configuration list for PBXNativeTarget "Adress Book" */ = {
			isa = XCConfigurationList;
			buildConfigurations = (
				F88CB1F729E47ECB004CC8E2 /* Debug */,
				F88CB1F829E47ECB004CC8E2 /* Release */,
			);
			defaultConfigurationIsVisible = 0;
			defaultConfigurationName = Release;
		};
/* End XCConfigurationList section */

/* Begin XCVersionGroup section */
		F88CB20F29E47FF0004CC8E2 /* AdressBook.xcdatamodeld */ = {
			isa = XCVersionGroup;
			children = (
				F88CB21029E47FF0004CC8E2 /* AdressBook.xcdatamodel */,
			);
			currentVersion = F88CB21029E47FF0004CC8E2 /* AdressBook.xcdatamodel */;
			path = AdressBook.xcdatamodeld;
			sourceTree = "<group>";
			versionGroupType = wrapper.xcdatamodel;
		};
/* End XCVersionGroup section */
	};
	rootObject = F88CB1E029E47ECB004CC8E2 /* Project object */;
}
